
Microsoft Visual Studio Solution File, Format Version 12.00
# Visual Studio 15
VisualStudioVersion = 15.0.28010.2046
MinimumVisualStudioVersion = 10.0.40219.1
Project("{FAE04EC0-301F-11D3-BF4B-00C04F79EFBC}") = "KASIF_CRAWLER", "KASIF_CRAWLER\KASIF_CRAWLER.csproj", "{7D00CAAF-7113-4805-8441-BCE75340506F}"
EndProject
Project("{FAE04EC0-301F-11D3-BF4B-00C04F79EFBC}") = "KASIF_CRAWLER.LAYER_DATA", "KASIF_CRAWLER.LAYER_DATA\KASIF_CRAWLER.LAYER_DATA.csproj", "{4FD5F3B0-2C23-455C-ACE4-BE3B93A0A8E3}"
EndProject
Project("{FAE04EC0-301F-11D3-BF4B-00C04F79EFBC}") = "KASIF_CRAWLER.LAYER_SERVICE", "KASIF_CRAWLER.LAYER_SERVICE\KASIF_CRAWLER.LAYER_SERVICE.csproj", "{C738CE69-04AD-40A2-B134-10A70DC13BE9}"
EndProject
Global
	GlobalSection(SolutionConfigurationPlatforms) = preSolution
		Debug|Any CPU = Debug|Any CPU
		Release|Any CPU = Release|Any CPU
	EndGlobalSection
	GlobalSection(ProjectConfigurationPlatforms) = postSolution
		{7D00CAAF-7113-4805-8441-BCE75340506F}.Debug|Any CPU.ActiveCfg = Debug|Any CPU
		{7D00CAAF-7113-4805-8441-BCE75340506F}.Debug|Any CPU.Build.0 = Debug|Any CPU
		{7D00CAAF-7113-4805-8441-BCE75340506F}.Release|Any CPU.ActiveCfg = Release|Any CPU
		{7D00CAAF-7113-4805-8441-BCE75340506F}.Release|Any CPU.Build.0 = Release|Any CPU
		{4FD5F3B0-2C23-455C-ACE4-BE3B93A0A8E3}.Debug|Any CPU.ActiveCfg = Debug|Any CPU
		{4FD5F3B0-2C23-455C-ACE4-BE3B93A0A8E3}.Debug|Any CPU.Build.0 = Debug|Any CPU
		{4FD5F3B0-2C23-455C-ACE4-BE3B93A0A8E3}.Release|Any CPU.ActiveCfg = Release|Any CPU
		{4FD5F3B0-2C23-455C-ACE4-BE3B93A0A8E3}.Release|Any CPU.Build.0 = Release|Any CPU
		{C738CE69-04AD-40A2-B134-10A70DC13BE9}.Debug|Any CPU.ActiveCfg = Debug|Any CPU
		{C738CE69-04AD-40A2-B134-10A70DC13BE9}.Debug|Any CPU.Build.0 = Debug|Any CPU
		{C738CE69-04AD-40A2-B134-10A70DC13BE9}.Release|Any CPU.ActiveCfg = Release|Any CPU
		{C738CE69-04AD-40A2-B134-10A70DC13BE9}.Release|Any CPU.Build.0 = Release|Any CPU
	EndGlobalSection
	GlobalSection(SolutionProperties) = preSolution
		HideSolutionNode = FALSE
	EndGlobalSection
	GlobalSection(ExtensibilityGlobals) = postSolution
		SolutionGuid = {073BEA6D-54AD-4216-8269-A872337B589B}
	EndGlobalSection
EndGlobal
